
Microsoft Visual Studio Solution File, Format Version 12.00
# Visual Studio 15
VisualStudioVersion = 15.0.26730.16
MinimumVisualStudioVersion = 10.0.40219.1
Project("{FAE04EC0-301F-11D3-BF4B-00C04F79EFBC}") = "Inventory", "Inventory\Inventory.csproj", "{72AE9585-8E13-480A-B12B-1250CDE69AE2}"
EndProject
Global
	GlobalSection(SolutionConfigurationPlatforms) = preSolution
		Debug|Any CPU = Debug|Any CPU
		Release|Any CPU = Release|Any CPU
	EndGlobalSection
	GlobalSection(ProjectConfigurationPlatforms) = postSolution
		{72AE9585-8E13-480A-B12B-1250CDE69AE2}.Debug|Any CPU.ActiveCfg = Debug|Any CPU
		{72AE9585-8E13-480A-B12B-1250CDE69AE2}.Debug|Any CPU.Build.0 = Debug|Any CPU
		{72AE9585-8E13-480A-B12B-1250CDE69AE2}.Release|Any CPU.ActiveCfg = Release|Any CPU
		{72AE9585-8E13-480A-B12B-1250CDE69AE2}.Release|Any CPU.Build.0 = Release|Any CPU
	EndGlobalSection
	GlobalSection(SolutionProperties) = preSolution
		HideSolutionNode = FALSE
	EndGlobalSection
	GlobalSection(ExtensibilityGlobals) = postSolution
		SolutionGuid = {615CD17C-3802-410A-B0F3-700AD2E70242}
	EndGlobalSection
EndGlobal
